PODS:
  - Flutter (1.0.0)
  - flutter_iomb_library (1.0.0):
    - flutter_iomb_library/Flutter (= 1.0.0)
    - flutter_iomb_library/IOMbLibrary (= 1.0.0)
  - flutter_iomb_library/Flutter (1.0.0):
    - Flutter
  - flutter_iomb_library/IOMbLibrary (1.0.0):
    - IOMbLibrary
  - IOMbLibrary (1.2.0)

DEPENDENCIES:
  - Flutter (from `Flutter`)
  - flutter_iomb_library (from `.symlinks/plugins/flutter_iomb_library/ios`)
  - IOMbLibrary (from `https://github.com/INFOnline-sg/libs-appsensor-iomb-ios.git`)

EXTERNAL SOURCES:
  Flutter:
    :path: Flutter
  flutter_iomb_library:
    :path: ".symlinks/plugins/flutter_iomb_library/ios"
  IOMbLibrary:
    :git: https://github.com/INFOnline-sg/libs-appsensor-iomb-ios.git

CHECKOUT OPTIONS:
  IOMbLibrary:
    :commit: 53f19df44812ba2806de41d4a9c00ffae8ec58ac
    :git: https://github.com/INFOnline-sg/libs-appsensor-iomb-ios.git

SPEC CHECKSUMS:
  Flutter: cabc95a1d2626b1b06e7179b784ebcf0c0cde467
  flutter_iomb_library: f7fc8dc5007a00c9ddd80faa4817c4935db2d33a
  IOMbLibrary: 13e11a6a3181cc73dec5d87aba354c08e4b076e8

PODFILE CHECKSUM: eb8fd108a77e54ba888792f48f8c096345ba37a6

COCOAPODS: 1.16.2
